
Microsoft Visual Studio Solution File, Format Version 12.00
# Visual Studio 15
VisualStudioVersion = 15.0.27130.2010
MinimumVisualStudioVersion = 10.0.40219.1
Project("{9A19103F-16F7-4668-BE54-9A1E7A4F7556}") = "EFCodeDemoWeb", "EFCodeDemoWeb\EFCodeDemoWeb.csproj", "{F5093661-3505-4F49-A537-B257A83A869A}"
EndProject
Project("{9A19103F-16F7-4668-BE54-9A1E7A4F7556}") = "Domain", "Domain\Domain.csproj", "{B03196D8-3853-47A1-9141-DE75438666FB}"
EndProject
Project("{9A19103F-16F7-4668-BE54-9A1E7A4F7556}") = "Common", "Common\Common.csproj", "{8F6C5F3A-8BAD-4580-A388-27031CF3B29E}"
EndProject
Project("{2150E333-8FDC-42A3-9474-1A3956D46DE8}") = "Web", "Web", "{F850F511-304C-4557-9314-352B0BF3764B}"
EndProject
Project("{2150E333-8FDC-42A3-9474-1A3956D46DE8}") = "Test", "Test", "{82BEC0FC-4CF7-44BD-99D9-F5BD3B8169D9}"
EndProject
Project("{9A19103F-16F7-4668-BE54-9A1E7A4F7556}") = "XUnitTestCommon", "XUnitTestCommon\XUnitTestCommon.csproj", "{B75A8193-6E8E-4A64-9A73-0AECC7BBB079}"
EndProject
Project("{FAE04EC0-301F-11D3-BF4B-00C04F79EFBC}") = "XUnitTestDomain", "XUnitTestDomain\XUnitTestDomain.csproj", "{E0101EEA-9D6A-4020-948D-0E7DA0B3B078}"
EndProject
Project("{FAE04EC0-301F-11D3-BF4B-00C04F79EFBC}") = "XUnitTestWeb", "XUnitTestWeb\XUnitTestWeb.csproj", "{5A7C2A4E-A356-4D8E-B4EF-A231B653FB91}"
EndProject
Global
	GlobalSection(SolutionConfigurationPlatforms) = preSolution
		Debug|Any CPU = Debug|Any CPU
		Release|Any CPU = Release|Any CPU
	EndGlobalSection
	GlobalSection(ProjectConfigurationPlatforms) = postSolution
		{F5093661-3505-4F49-A537-B257A83A869A}.Debug|Any CPU.ActiveCfg = Debug|Any CPU
		{F5093661-3505-4F49-A537-B257A83A869A}.Debug|Any CPU.Build.0 = Debug|Any CPU
		{F5093661-3505-4F49-A537-B257A83A869A}.Release|Any CPU.ActiveCfg = Release|Any CPU
		{F5093661-3505-4F49-A537-B257A83A869A}.Release|Any CPU.Build.0 = Release|Any CPU
		{B03196D8-3853-47A1-9141-DE75438666FB}.Debug|Any CPU.ActiveCfg = Debug|Any CPU
		{B03196D8-3853-47A1-9141-DE75438666FB}.Debug|Any CPU.Build.0 = Debug|Any CPU
		{B03196D8-3853-47A1-9141-DE75438666FB}.Release|Any CPU.ActiveCfg = Release|Any CPU
		{B03196D8-3853-47A1-9141-DE75438666FB}.Release|Any CPU.Build.0 = Release|Any CPU
		{8F6C5F3A-8BAD-4580-A388-27031CF3B29E}.Debug|Any CPU.ActiveCfg = Debug|Any CPU
		{8F6C5F3A-8BAD-4580-A388-27031CF3B29E}.Debug|Any CPU.Build.0 = Debug|Any CPU
		{8F6C5F3A-8BAD-4580-A388-27031CF3B29E}.Release|Any CPU.ActiveCfg = Release|Any CPU
		{8F6C5F3A-8BAD-4580-A388-27031CF3B29E}.Release|Any CPU.Build.0 = Release|Any CPU
		{B75A8193-6E8E-4A64-9A73-0AECC7BBB079}.Debug|Any CPU.ActiveCfg = Debug|Any CPU
		{B75A8193-6E8E-4A64-9A73-0AECC7BBB079}.Debug|Any CPU.Build.0 = Debug|Any CPU
		{B75A8193-6E8E-4A64-9A73-0AECC7BBB079}.Release|Any CPU.ActiveCfg = Release|Any CPU
		{B75A8193-6E8E-4A64-9A73-0AECC7BBB079}.Release|Any CPU.Build.0 = Release|Any CPU
		{E0101EEA-9D6A-4020-948D-0E7DA0B3B078}.Debug|Any CPU.ActiveCfg = Debug|Any CPU
		{E0101EEA-9D6A-4020-948D-0E7DA0B3B078}.Debug|Any CPU.Build.0 = Debug|Any CPU
		{E0101EEA-9D6A-4020-948D-0E7DA0B3B078}.Release|Any CPU.ActiveCfg = Release|Any CPU
		{E0101EEA-9D6A-4020-948D-0E7DA0B3B078}.Release|Any CPU.Build.0 = Release|Any CPU
		{5A7C2A4E-A356-4D8E-B4EF-A231B653FB91}.Debug|Any CPU.ActiveCfg = Debug|Any CPU
		{5A7C2A4E-A356-4D8E-B4EF-A231B653FB91}.Debug|Any CPU.Build.0 = Debug|Any CPU
		{5A7C2A4E-A356-4D8E-B4EF-A231B653FB91}.Release|Any CPU.ActiveCfg = Release|Any CPU
		{5A7C2A4E-A356-4D8E-B4EF-A231B653FB91}.Release|Any CPU.Build.0 = Release|Any CPU
	EndGlobalSection
	GlobalSection(SolutionProperties) = preSolution
		HideSolutionNode = FALSE
	EndGlobalSection
	GlobalSection(NestedProjects) = preSolution
		{F5093661-3505-4F49-A537-B257A83A869A} = {F850F511-304C-4557-9314-352B0BF3764B}
		{B03196D8-3853-47A1-9141-DE75438666FB} = {F850F511-304C-4557-9314-352B0BF3764B}
		{8F6C5F3A-8BAD-4580-A388-27031CF3B29E} = {F850F511-304C-4557-9314-352B0BF3764B}
		{B75A8193-6E8E-4A64-9A73-0AECC7BBB079} = {82BEC0FC-4CF7-44BD-99D9-F5BD3B8169D9}
		{E0101EEA-9D6A-4020-948D-0E7DA0B3B078} = {82BEC0FC-4CF7-44BD-99D9-F5BD3B8169D9}
		{5A7C2A4E-A356-4D8E-B4EF-A231B653FB91} = {82BEC0FC-4CF7-44BD-99D9-F5BD3B8169D9}
	EndGlobalSection
	GlobalSection(ExtensibilityGlobals) = postSolution
		SolutionGuid = {5E89D002-A6D6-4DFE-98FE-A04D1523E512}
	EndGlobalSection
EndGlobal
